
Microsoft Visual Studio Solution File, Format Version 12.00
# Visual Studio Version 16
VisualStudioVersion = 16.0.30104.148
MinimumVisualStudioVersion = 10.0.40219.1
Project("{F184B08F-C81C-45F6-A57F-5ABD9991F28F}") = "RompecabezasDeOcho", "RompecabezasDeOcho.vbproj", "{B22B7EE8-B645-4D57-BC93-FEA772895CB9}"
EndProject
Global
	GlobalSection(SolutionConfigurationPlatforms) = preSolution
		Debug|Any CPU = Debug|Any CPU
		Release|Any CPU = Release|Any CPU
	EndGlobalSection
	GlobalSection(ProjectConfigurationPlatforms) = postSolution
		{B22B7EE8-B645-4D57-BC93-FEA772895CB9}.Debug|Any CPU.ActiveCfg = Debug|Any CPU
		{B22B7EE8-B645-4D57-BC93-FEA772895CB9}.Debug|Any CPU.Build.0 = Debug|Any CPU
		{B22B7EE8-B645-4D57-BC93-FEA772895CB9}.Release|Any CPU.ActiveCfg = Release|Any CPU
		{B22B7EE8-B645-4D57-BC93-FEA772895CB9}.Release|Any CPU.Build.0 = Release|Any CPU
	EndGlobalSection
	GlobalSection(SolutionProperties) = preSolution
		HideSolutionNode = FALSE
	EndGlobalSection
	GlobalSection(ExtensibilityGlobals) = postSolution
		SolutionGuid = {EDFC3480-BD6A-4DDB-AC1F-27E0B07D7E3A}
	EndGlobalSection
EndGlobal
